// !$*UTF8*$!
{
	archiveVersion = 1;
	classes = {
	};
	objectVersion = 48;
	objects = {

/* Begin PBXBuildFile section */
		4C8B2A7D1F846B8C0049ECEC /* AppDelegate.swift in Sources */ = {isa = PBXBuildFile; fileRef = 4C8B2A7C1F846B8C0049ECEC /* AppDelegate.swift */; };
		4C8B2A7F1F846B8C0049ECEC /* ViewController.swift in Sources */ = {isa = PBXBuildFile; fileRef = 4C8B2A7E1F846B8C0049ECEC /* ViewController.swift */; };
		4C8B2A821F846B8C0049ECEC /* Main.storyboard in Resources */ = {isa = PBXBuildFile; fileRef = 4C8B2A801F846B8C0049ECEC /* Main.storyboard */; };
		4C8B2A841F846B8C0049ECEC /* Assets.xcassets in Resources */ = {isa = PBXBuildFile; fileRef = 4C8B2A831F846B8C0049ECEC /* Assets.xcassets */; };
		4C8B2A871F846B8C0049ECEC /* LaunchScreen.storyboard in Resources */ = {isa = PBXBuildFile; fileRef = 4C8B2A851F846B8C0049ECEC /* LaunchScreen.storyboard */; };
		4C8B2A9D1F846C150049ECEC /* BankAccountTests.swift in Sources */ = {isa = PBXBuildFile; fileRef = 4C8B2A9C1F846C150049ECEC /* BankAccountTests.swift */; };
		4C8B2A9F1F846CD90049ECEC /* AccountOwner.swift in Sources */ = {isa = PBXBuildFile; fileRef = 4C8B2A9E1F846CD90049ECEC /* AccountOwner.swift */; };
		4C8B2AA01F846CD90049ECEC /* AccountOwner.swift in Sources */ = {isa = PBXBuildFile; fileRef = 4C8B2A9E1F846CD90049ECEC /* AccountOwner.swift */; };
		4C8B2AAC1F8D4EBE0049ECEC /* TransactionTests.swift in Sources */ = {isa = PBXBuildFile; fileRef = 4C8B2AAB1F8D4EBE0049ECEC /* TransactionTests.swift */; };
		4C8B2AAE1F8D51B80049ECEC /* Transaction.swift in Sources */ = {isa = PBXBuildFile; fileRef = 4C8B2AAD1F8D51B80049ECEC /* Transaction.swift */; };
		4C8B2AAF1F8D51B80049ECEC /* Transaction.swift in Sources */ = {isa = PBXBuildFile; fileRef = 4C8B2AAD1F8D51B80049ECEC /* Transaction.swift */; };
/* End PBXBuildFile section */

/* Begin PBXContainerItemProxy section */
		4C8B2A8E1F846B8D0049ECEC /* PBXContainerItemProxy */ = {
			isa = PBXContainerItemProxy;
			containerPortal = 4C8B2A711F846B8C0049ECEC /* Project object */;
			proxyType = 1;
			remoteGlobalIDString = 4C8B2A781F846B8C0049ECEC;
			remoteInfo = BankAccount;
		};
/* End PBXContainerItemProxy section */

/* Begin PBXFileReference section */
		4C8B2A791F846B8C0049ECEC /* BankAccount.app */ = {isa = PBXFileReference; explicitFileType = wrapper.application; includeInIndex = 0; path = BankAccount.app; sourceTree = BUILT_PRODUCTS_DIR; };
		4C8B2A7C1F846B8C0049ECEC /* AppDelegate.swift */ = {isa = PBXFileReference; lastKnownFileType = sourcecode.swift; path = AppDelegate.swift; sourceTree = "<group>"; };
		4C8B2A7E1F846B8C0049ECEC /* ViewController.swift */ = {isa = PBXFileReference; lastKnownFileType = sourcecode.swift; path = ViewController.swift; sourceTree = "<group>"; };
		4C8B2A811F846B8C0049ECEC /* Base */ = {isa = PBXFileReference; lastKnownFileType = file.storyboard; name = Base; path = Base.lproj/Main.storyboard; sourceTree = "<group>"; };
		4C8B2A831F846B8C0049ECEC /* Assets.xcassets */ = {isa = PBXFileReference; lastKnownFileType = folder.assetcatalog; path = Assets.xcassets; sourceTree = "<group>"; };
		4C8B2A861F846B8C0049ECEC /* Base */ = {isa = PBXFileReference; lastKnownFileType = file.storyboard; name = Base; path = Base.lproj/LaunchScreen.storyboard; sourceTree = "<group>"; };
		4C8B2A881F846B8C0049ECEC /* Info.plist */ = {isa = PBXFileReference; lastKnownFileType = text.plist.xml; path = Info.plist; sourceTree = "<group>"; };
		4C8B2A8D1F846B8D0049ECEC /* BankAccountTests.xctest */ = {isa = PBXFileReference; explicitFileType = wrapper.cfbundle; includeInIndex = 0; path = BankAccountTests.xctest; sourceTree = BUILT_PRODUCTS_DIR; };
		4C8B2A931F846B8D0049ECEC /* Info.plist */ = {isa = PBXFileReference; lastKnownFileType = text.plist.xml; path = Info.plist; sourceTree = "<group>"; };
		4C8B2A9C1F846C150049ECEC /* BankAccountTests.swift */ = {isa = PBXFileReference; lastKnownFileType = sourcecode.swift; path = BankAccountTests.swift; sourceTree = "<group>"; };
		4C8B2A9E1F846CD90049ECEC /* AccountOwner.swift */ = {isa = PBXFileReference; lastKnownFileType = sourcecode.swift; path = AccountOwner.swift; sourceTree = "<group>"; };
		4C8B2AAB1F8D4EBE0049ECEC /* TransactionTests.swift */ = {isa = PBXFileReference; lastKnownFileType = sourcecode.swift; path = TransactionTests.swift; sourceTree = "<group>"; };
		4C8B2AAD1F8D51B80049ECEC /* Transaction.swift */ = {isa = PBXFileReference; lastKnownFileType = sourcecode.swift; path = Transaction.swift; sourceTree = "<group>"; };
/* End PBXFileReference section */

/* Begin PBXFrameworksBuildPhase section */
		4C8B2A761F846B8C0049ECEC /* Frameworks */ = {
			isa = PBXFrameworksBuildPhase;
			buildActionMask = 2147483647;
			files = (
			);
			runOnlyForDeploymentPostprocessing = 0;
		};
		4C8B2A8A1F846B8D0049ECEC /* Frameworks */ = {
			isa = PBXFrameworksBuildPhase;
			buildActionMask = 2147483647;
			files = (
			);
			runOnlyForDeploymentPostprocessing = 0;
		};
/* End PBXFrameworksBuildPhase section */

/* Begin PBXGroup section */
		4C8B2A701F846B8C0049ECEC = {
			isa = PBXGroup;
			children = (
				4C8B2A7B1F846B8C0049ECEC /* BankAccount */,
				4C8B2A901F846B8D0049ECEC /* BankAccountTests */,
				4C8B2A7A1F846B8C0049ECEC /* Products */,
			);
			sourceTree = "<group>";
		};
		4C8B2A7A1F846B8C0049ECEC /* Products */ = {
			isa = PBXGroup;
			children = (
				4C8B2A791F846B8C0049ECEC /* BankAccount.app */,
				4C8B2A8D1F846B8D0049ECEC /* BankAccountTests.xctest */,
			);
			name = Products;
			sourceTree = "<group>";
		};
		4C8B2A7B1F846B8C0049ECEC /* BankAccount */ = {
			isa = PBXGroup;
			children = (
				4C8B2A7C1F846B8C0049ECEC /* AppDelegate.swift */,
				4C8B2A7E1F846B8C0049ECEC /* ViewController.swift */,
				4C8B2A801F846B8C0049ECEC /* Main.storyboard */,
				4C8B2A831F846B8C0049ECEC /* Assets.xcassets */,
				4C8B2A851F846B8C0049ECEC /* LaunchScreen.storyboard */,
				4C8B2A881F846B8C0049ECEC /* Info.plist */,
				4C8B2A9E1F846CD90049ECEC /* AccountOwner.swift */,
				4C8B2AAD1F8D51B80049ECEC /* Transaction.swift */,
			);
			path = BankAccount;
			sourceTree = "<group>";
		};
		4C8B2A901F846B8D0049ECEC /* BankAccountTests */ = {
			isa = PBXGroup;
			children = (
				4C8B2A931F846B8D0049ECEC /* Info.plist */,
				4C8B2A9C1F846C150049ECEC /* BankAccountTests.swift */,
				4C8B2AAB1F8D4EBE0049ECEC /* TransactionTests.swift */,
			);
			path = BankAccountTests;
			sourceTree = "<group>";
		};
/* End PBXGroup section */

/* Begin PBXNativeTarget section */
		4C8B2A781F846B8C0049ECEC /* BankAccount */ = {
			isa = PBXNativeTarget;
			buildConfigurationList = 4C8B2A961F846B8D0049ECEC /* Build configuration list for PBXNativeTarget "BankAccount" */;
			buildPhases = (
				4C8B2A751F846B8C0049ECEC /* Sources */,
				4C8B2A761F846B8C0049ECEC /* Frameworks */,
				4C8B2A771F846B8C0049ECEC /* Resources */,
			);
			buildRules = (
			);
			dependencies = (
			);
			name = BankAccount;
			productName = BankAccount;
			productReference = 4C8B2A791F846B8C0049ECEC /* BankAccount.app */;
			productType = "com.apple.product-type.application";
		};
		4C8B2A8C1F846B8D0049ECEC /* BankAccountTests */ = {
			isa = PBXNativeTarget;
			buildConfigurationList = 4C8B2A991F846B8D0049ECEC /* Build configuration list for PBXNativeTarget "BankAccountTests" */;
			buildPhases = (
				4C8B2A891F846B8D0049ECEC /* Sources */,
				4C8B2A8A1F846B8D0049ECEC /* Frameworks */,
				4C8B2A8B1F846B8D0049ECEC /* Resources */,
			);
			buildRules = (
			);
			dependencies = (
				4C8B2A8F1F846B8D0049ECEC /* PBXTargetDependency */,
			);
			name = BankAccountTests;
			productName = BankAccountTests;
			productReference = 4C8B2A8D1F846B8D0049ECEC /* BankAccountTests.xctest */;
			productType = "com.apple.product-type.bundle.unit-test";
		};
/* End PBXNativeTarget section */

/* Begin PBXProject section */
		4C8B2A711F846B8C0049ECEC /* Project object */ = {
			isa = PBXProject;
			attributes = {
				LastSwiftUpdateCheck = 0900;
				LastUpgradeCheck = 0900;
				ORGANIZATIONNAME = charland;
				TargetAttributes = {
					4C8B2A781F846B8C0049ECEC = {
						CreatedOnToolsVersion = 9.0;
						ProvisioningStyle = Automatic;
					};
					4C8B2A8C1F846B8D0049ECEC = {
						CreatedOnToolsVersion = 9.0;
						LastSwiftMigration = 0900;
						ProvisioningStyle = Automatic;
					};
				};
			};
			buildConfigurationList = 4C8B2A741F846B8C0049ECEC /* Build configuration list for PBXProject "BankAccount" */;
			compatibilityVersion = "Xcode 8.0";
			developmentRegion = en;
			hasScannedForEncodings = 0;
			knownRegions = (
				en,
				Base,
			);
			mainGroup = 4C8B2A701F846B8C0049ECEC;
			productRefGroup = 4C8B2A7A1F846B8C0049ECEC /* Products */;
			projectDirPath = "";
			projectRoot = "";
			targets = (
				4C8B2A781F846B8C0049ECEC /* BankAccount */,
				4C8B2A8C1F846B8D0049ECEC /* BankAccountTests */,
			);
		};
/* End PBXProject section */

/* Begin PBXResourcesBuildPhase section */
		4C8B2A771F846B8C0049ECEC /* Resources */ = {
			isa = PBXResourcesBuildPhase;
			buildActionMask = 2147483647;
			files = (
				4C8B2A871F846B8C0049ECEC /* LaunchScreen.storyboard in Resources */,
				4C8B2A841F846B8C0049ECEC /* Assets.xcassets in Resources */,
				4C8B2A821F846B8C0049ECEC /* Main.storyboard in Resources */,
			);
			runOnlyForDeploymentPostprocessing = 0;
		};
		4C8B2A8B1F846B8D0049ECEC /* Resources */ = {
			isa = PBXResourcesBuildPhase;
			buildActionMask = 2147483647;
			files = (
			);
			runOnlyForDeploymentPostprocessing = 0;
		};
/* End PBXResourcesBuildPhase section */

/* Begin PBXSourcesBuildPhase section */
		4C8B2A751F846B8C0049ECEC /* Sources */ = {
			isa = PBXSourcesBuildPhase;
			buildActionMask = 2147483647;
			files = (
				4C8B2A9F1F846CD90049ECEC /* AccountOwner.swift in Sources */,
				4C8B2A7F1F846B8C0049ECEC /* ViewController.swift in Sources */,
				4C8B2AAE1F8D51B80049ECEC /* Transaction.swift in Sources */,
				4C8B2A7D1F846B8C0049ECEC /* AppDelegate.swift in Sources */,
			);
			runOnlyForDeploymentPostprocessing = 0;
		};
		4C8B2A891F846B8D0049ECEC /* Sources */ = {
			isa = PBXSourcesBuildPhase;
			buildActionMask = 2147483647;
			files = (
				4C8B2A9D1F846C150049ECEC /* BankAccountTests.swift in Sources */,
				4C8B2AAC1F8D4EBE0049ECEC /* TransactionTests.swift in Sources */,
				4C8B2AAF1F8D51B80049ECEC /* Transaction.swift in Sources */,
				4C8B2AA01F846CD90049ECEC /* AccountOwner.swift in Sources */,
			);
			runOnlyForDeploymentPostprocessing = 0;
		};
/* End PBXSourcesBuildPhase section */

/* Begin PBXTargetDependency section */
		4C8B2A8F1F846B8D0049ECEC /* PBXTargetDependency */ = {
			isa = PBXTargetDependency;
			target = 4C8B2A781F846B8C0049ECEC /* BankAccount */;
			targetProxy = 4C8B2A8E1F846B8D0049ECEC /* PBXContainerItemProxy */;
		};
/* End PBXTargetDependency section */

/* Begin PBXVariantGroup section */
		4C8B2A801F846B8C0049ECEC /* Main.storyboard */ = {
			isa = PBXVariantGroup;
			children = (
				4C8B2A811F846B8C0049ECEC /* Base */,
			);
			name = Main.storyboard;
			sourceTree = "<group>";
		};
		4C8B2A851F846B8C0049ECEC /* LaunchScreen.storyboard */ = {
			isa = PBXVariantGroup;
			children = (
				4C8B2A861F846B8C0049ECEC /* Base */,
			);
			name = LaunchScreen.storyboard;
			sourceTree = "<group>";
		};
/* End PBXVariantGroup section */

/* Begin XCBuildConfiguration section */
		4C8B2A941F846B8D0049ECEC /* Debug */ = {
			isa = XCBuildConfiguration;
			buildSettings = {
				ALWAYS_SEARCH_USER_PATHS = NO;
				CLANG_ANALYZER_NONNULL = YES;
				CLANG_ANALYZER_NUMBER_OBJECT_CONVERSION = YES_AGGRESSIVE;
				CLANG_CXX_LANGUAGE_STANDARD = "gnu++14";
				CLANG_CXX_LIBRARY = "libc++";
				CLANG_ENABLE_MODULES = YES;
				CLANG_ENABLE_OBJC_ARC = YES;
				CLANG_WARN_BLOCK_CAPTURE_AUTORELEASING = YES;
				CLANG_WARN_BOOL_CONVERSION = YES;
				CLANG_WARN_COMMA = YES;
				CLANG_WARN_CONSTANT_CONVERSION = YES;
				CLANG_WARN_DIRECT_OBJC_ISA_USAGE = YES_ERROR;
				CLANG_WARN_DOCUMENTATION_COMMENTS = YES;
				CLANG_WARN_EMPTY_BODY = YES;
				CLANG_WARN_ENUM_CONVERSION = YES;
				CLANG_WARN_INFINITE_RECURSION = YES;
				CLANG_WARN_INT_CONVERSION = YES;
				CLANG_WARN_NON_LITERAL_NULL_CONVERSION = YES;
				CLANG_WARN_OBJC_LITERAL_CONVERSION = YES;
				CLANG_WARN_OBJC_ROOT_CLASS = YES_ERROR;
				CLANG_WARN_RANGE_LOOP_ANALYSIS = YES;
				CLANG_WARN_STRICT_PROTOTYPES = YES;
				CLANG_WARN_SUSPICIOUS_MOVE = YES;
				CLANG_WARN_UNGUARDED_AVAILABILITY = YES_AGGRESSIVE;
				CLANG_WARN_UNREACHABLE_CODE = YES;
				CLANG_WARN__DUPLICATE_METHOD_MATCH = YES;
				CODE_SIGN_IDENTITY = "iPhone Developer";
				COPY_PHASE_STRIP = NO;
				DEBUG_INFORMATION_FORMAT = dwarf;
				ENABLE_STRICT_OBJC_MSGSEND = YES;
				ENABLE_TESTABILITY = YES;
				GCC_C_LANGUAGE_STANDARD = gnu11;
				GCC_DYNAMIC_NO_PIC = NO;
				GCC_NO_COMMON_BLOCKS = YES;
				GCC_OPTIMIZATION_LEVEL = 0;
				GCC_PREPROCESSOR_DEFINITIONS = (
					"DEBUG=1",
					"$(inherited)",
				);
				GCC_WARN_64_TO_32_BIT_CONVERSION = YES;
				GCC_WARN_ABOUT_RETURN_TYPE = YES_ERROR;
				GCC_WARN_UNDECLARED_SELECTOR = YES;
				GCC_WARN_UNINITIALIZED_AUTOS = YES_AGGRESSIVE;
				GCC_WARN_UNUSED_FUNCTION = YES;
				GCC_WARN_UNUSED_VARIABLE = YES;
				IPHONEOS_DEPLOYMENT_TARGET = 11.0;
				MTL_ENABLE_DEBUG_INFO = YES;
				ONLY_ACTIVE_ARCH = YES;
				SDKROOT = iphoneos;
				SWIFT_ACTIVE_COMPILATION_CONDITIONS = DEBUG;
				SWIFT_OPTIMIZATION_LEVEL = "-Onone";
			};
			name = Debug;
		};
		4C8B2A951F846B8D0049ECEC /* Release */ = {
			isa = XCBuildConfiguration;
			buildSettings = {
				ALWAYS_SEARCH_USER_PATHS = NO;
				CLANG_ANALYZER_NONNULL = YES;
				CLANG_ANALYZER_NUMBER_OBJECT_CONVERSION = YES_AGGRESSIVE;
				CLANG_CXX_LANGUAGE_STANDARD = "gnu++14";
				CLANG_CXX_LIBRARY = "libc++";
				CLANG_ENABLE_MODULES = YES;
				CLANG_ENABLE_OBJC_ARC = YES;
				CLANG_WARN_BLOCK_CAPTURE_AUTORELEASING = YES;
				CLANG_WARN_BOOL_CONVERSION = YES;
				CLANG_WARN_COMMA = YES;
				CLANG_WARN_CONSTANT_CONVERSION = YES;
				CLANG_WARN_DIRECT_OBJC_ISA_USAGE = YES_ERROR;
				CLANG_WARN_DOCUMENTATION_COMMENTS = YES;
				CLANG_WARN_EMPTY_BODY = YES;
				CLANG_WARN_ENUM_CONVERSION = YES;
				CLANG_WARN_INFINITE_RECURSION = YES;
				CLANG_WARN_INT_CONVERSION = YES;
				CLANG_WARN_NON_LITERAL_NULL_CONVERSION = YES;
				CLANG_WARN_OBJC_LITERAL_CONVERSION = YES;
				CLANG_WARN_OBJC_ROOT_CLASS = YES_ERROR;
				CLANG_WARN_RANGE_LOOP_ANALYSIS = YES;
				CLANG_WARN_STRICT_PROTOTYPES = YES;
				CLANG_WARN_SUSPICIOUS_MOVE = YES;
				CLANG_WARN_UNGUARDED_AVAILABILITY = YES_AGGRESSIVE;
				CLANG_WARN_UNREACHABLE_CODE = YES;
				CLANG_WARN__DUPLICATE_METHOD_MATCH = YES;
				CODE_SIGN_IDENTITY = "iPhone Developer";
				COPY_PHASE_STRIP = NO;
				DEBUG_INFORMATION_FORMAT = "dwarf-with-dsym";
				ENABLE_NS_ASSERTIONS = NO;
				ENABLE_STRICT_OBJC_MSGSEND = YES;
				GCC_C_LANGUAGE_STANDARD = gnu11;
				GCC_NO_COMMON_BLOCKS = YES;
				GCC_WARN_64_TO_32_BIT_CONVERSION = YES;
				GCC_WARN_ABOUT_RETURN_TYPE = YES_ERROR;
				GCC_WARN_UNDECLARED_SELECTOR = YES;
				GCC_WARN_UNINITIALIZED_AUTOS = YES_AGGRESSIVE;
				GCC_WARN_UNUSED_FUNCTION = YES;
				GCC_WARN_UNUSED_VARIABLE = YES;
				IPHONEOS_DEPLOYMENT_TARGET = 11.0;
				MTL_ENABLE_DEBUG_INFO = NO;
				SDKROOT = iphoneos;
				SWIFT_OPTIMIZATION_LEVEL = "-Owholemodule";
				VALIDATE_PRODUCT = YES;
			};
			name = Release;
		};
		4C8B2A971F846B8D0049ECEC /* Debug */ = {
			isa = XCBuildConfiguration;
			buildSettings = {
				ASSETCATALOG_COMPILER_APPICON_NAME = AppIcon;
				CODE_SIGN_STYLE = Automatic;
				DEVELOPMENT_TEAM = CY96495443;
				INFOPLIST_FILE = BankAccount/Info.plist;
				LD_RUNPATH_SEARCH_PATHS = "$(inherited) @executable_path/Frameworks";
				PRODUCT_BUNDLE_IDENTIFIER = ca.charland.BankAccount;
				PRODUCT_NAME = "$(TARGET_NAME)";
				SWIFT_VERSION = 4.0;
				TARGETED_DEVICE_FAMILY = "1,2";
			};
			name = Debug;
		};
		4C8B2A981F846B8D0049ECEC /* Release */ = {
			isa = XCBuildConfiguration;
			buildSettings = {
				ASSETCATALOG_COMPILER_APPICON_NAME = AppIcon;
				CODE_SIGN_STYLE = Automatic;
				DEVELOPMENT_TEAM = CY96495443;
				INFOPLIST_FILE = BankAccount/Info.plist;
				LD_RUNPATH_SEARCH_PATHS = "$(inherited) @executable_path/Frameworks";
				PRODUCT_BUNDLE_IDENTIFIER = ca.charland.BankAccount;
				PRODUCT_NAME = "$(TARGET_NAME)";
				SWIFT_VERSION = 4.0;
				TARGETED_DEVICE_FAMILY = "1,2";
			};
			name = Release;
		};
		4C8B2A9A1F846B8D0049ECEC /* Debug */ = {
			isa = XCBuildConfiguration;
			buildSettings = {
				ALWAYS_EMBED_SWIFT_STANDARD_LIBRARIES = YES;
				CLANG_ENABLE_MODULES = YES;
				CODE_SIGN_STYLE = Automatic;
				DEVELOPMENT_TEAM = CY96495443;
				INFOPLIST_FILE = BankAccountTests/Info.plist;
				LD_RUNPATH_SEARCH_PATHS = "$(inherited) @executable_path/Frameworks @loader_path/Frameworks";
				PRODUCT_BUNDLE_IDENTIFIER = ca.charland.BankAccountTests;
				PRODUCT_NAME = "$(TARGET_NAME)";
				SWIFT_OPTIMIZATION_LEVEL = "-Onone";
				SWIFT_VERSION = 4.0;
				TARGETED_DEVICE_FAMILY = "1,2";
			};
			name = Debug;
		};
		4C8B2A9B1F846B8D0049ECEC /* Release */ = {
			isa = XCBuildConfiguration;
			buildSettings = {
				ALWAYS_EMBED_SWIFT_STANDARD_LIBRARIES = YES;
				CLANG_ENABLE_MODULES = YES;
				CODE_SIGN_STYLE = Automatic;
				DEVELOPMENT_TEAM = CY96495443;
				INFOPLIST_FILE = BankAccountTests/Info.plist;
				LD_RUNPATH_SEARCH_PATHS = "$(inherited) @executable_path/Frameworks @loader_path/Frameworks";
				PRODUCT_BUNDLE_IDENTIFIER = ca.charland.BankAccountTests;
				PRODUCT_NAME = "$(TARGET_NAME)";
				SWIFT_VERSION = 4.0;
				TARGETED_DEVICE_FAMILY = "1,2";
			};
			name = Release;
		};
/* End XCBuildConfiguration section */

/* Begin XCConfigurationList section */
		4C8B2A741F846B8C0049ECEC /* Build configuration list for PBXProject "BankAccount" */ = {
			isa = XCConfigurationList;
			buildConfigurations = (
				4C8B2A941F846B8D0049ECEC /* Debug */,
				4C8B2A951F846B8D0049ECEC /* Release */,
			);
			defaultConfigurationIsVisible = 0;
			defaultConfigurationName = Release;
		};
		4C8B2A961F846B8D0049ECEC /* Build configuration list for PBXNativeTarget "BankAccount" */ = {
			isa = XCConfigurationList;
			buildConfigurations = (
				4C8B2A971F846B8D0049ECEC /* Debug */,
				4C8B2A981F846B8D0049ECEC /* Release */,
			);
			defaultConfigurationIsVisible = 0;
			defaultConfigurationName = Release;
		};
		4C8B2A991F846B8D0049ECEC /* Build configuration list for PBXNativeTarget "BankAccountTests" */ = {
			isa = XCConfigurationList;
			buildConfigurations = (
				4C8B2A9A1F846B8D0049ECEC /* Debug */,
				4C8B2A9B1F846B8D0049ECEC /* Release */,
			);
			defaultConfigurationIsVisible = 0;
			defaultConfigurationName = Release;
		};
/* End XCConfigurationList section */
	};
	rootObject = 4C8B2A711F846B8C0049ECEC /* Project object */;
}
